{
  "name": "primefaces",
  "version": "1.0.0",
  "lockfileVersion": 3,
  "requires": true,
  "packages": {
    "": {
      "name": "primefaces",
      "version": "1.0.0",
      "workspaces": [
        "packages/core",
        "packages/widgets"
      ],
      "dependencies": {
        "rollup": "^3.29.5",
        "typescript": "^5.6.2"
      }
    },
    "node_modules/fsevents": {
      "version": "2.3.3",
      "resolved": "https://registry.npmjs.org/fsevents/-/fsevents-2.3.3.tgz",
      "integrity": "sha512-5xoDfX+fL7faATnagmWPpbFtwh/R77WmMMqqHGS65C3vvB0YHrgF+B1YmZ3441tMj5n63k0212XNoJwzlhffQw==",
      "hasInstallScript": true,
      "optional": true,
      "os": [
        "darwin"
      ],
      "engines": {
        "node": "^8.16.0 || ^10.6.0 || >=11.0.0"
      }
    },
    "node_modules/primefaces-core": {
      "resolved": "packages/core",
      "link": true
    },
    "node_modules/primefaces-widgets": {
      "resolved": "packages/widgets",
      "link": true
    },
    "node_modules/rollup": {
      "version": "3.29.5",
      "resolved": "https://registry.npmjs.org/rollup/-/rollup-3.29.5.tgz",
      "integrity": "sha512-GVsDdsbJzzy4S/v3dqWPJ7EfvZJfCHiDqe80IyrF59LYuP+e6U1LJoUqeuqRbwAWoMNoXivMNeNAOf5E22VA1w==",
      "bin": {
        "rollup": "dist/bin/rollup"
      },
      "engines": {
        "node": ">=14.18.0",
        "npm": ">=8.0.0"
      },
      "optionalDependencies": {
        "fsevents": "~2.3.2"
      }
    },
    "node_modules/typescript": {
      "version": "5.6.2",
      "resolved": "https://registry.npmjs.org/typescript/-/typescript-5.6.2.tgz",
      "integrity": "sha512-NW8ByodCSNCwZeghjN3o+JX5OFH0Ojg6sadjEKY4huZ52TqbJTJnDo5+Tw98lSy63NZvi4n+ez5m2u5d4PkZyw==",
      "bin": {
        "tsc": "bin/tsc",
        "tsserver": "bin/tsserver"
      },
      "engines": {
        "node": ">=14.17"
      }
    },
    "packages/core": {
      "name": "primefaces-core",
      "version": "1.0.0",
      "devDependencies": {
        "rollup": "^3.29.5",
        "typescript": "^5.6.2"
      }
    },
    "packages/core-global": {
      "name": "primefaces-core-global",
      "version": "1.0.0",
      "extraneous": true,
      "dependencies": {
        "primefaces-core": "1.0.0"
      },
      "devDependencies": {
        "typescript": "^5.6.2"
      }
    },
    "packages/widgets": {
      "name": "primefaces-widgets",
      "version": "1.0.0",
      "dependencies": {
        "primefaces-core": "1.0.0"
      },
      "devDependencies": {
        "typescript": "^5.6.2"
      }
    }
  }
}
